// !$*UTF8*$!
{
	archiveVersion = 1;
	classes = {
	};
	objectVersion = 50;
	objects = {

/* Begin PBXBuildFile section */
		4993E82322FD5754001EEB63 /* ViewController.swift in Sources */ = {isa = PBXBuildFile; fileRef = 4993E80E22FD5753001EEB63 /* ViewController.swift */; };
		4993E82722FD5754001EEB63 /* LaunchScreen.storyboard in Resources */ = {isa = PBXBuildFile; fileRef = 4993E81422FD5753001EEB63 /* LaunchScreen.storyboard */; };
		4993E82822FD5754001EEB63 /* Main.storyboard in Resources */ = {isa = PBXBuildFile; fileRef = 4993E81622FD5753001EEB63 /* Main.storyboard */; };
		4993E82922FD5754001EEB63 /* businessType.json in Resources */ = {isa = PBXBuildFile; fileRef = 4993E81822FD5753001EEB63 /* businessType.json */; };
		4993E82A22FD5754001EEB63 /* Assets.xcassets in Resources */ = {isa = PBXBuildFile; fileRef = 4993E81922FD5753001EEB63 /* Assets.xcassets */; };
		4993E82B22FD5754001EEB63 /* China.png in Resources */ = {isa = PBXBuildFile; fileRef = 4993E81B22FD5754001EEB63 /* China.png */; };
		4993E82C22FD5754001EEB63 /* CustomCell.xib in Resources */ = {isa = PBXBuildFile; fileRef = 4993E81C22FD5754001EEB63 /* CustomCell.xib */; };
		4993E82D22FD5754001EEB63 /* CustomCell.swift in Sources */ = {isa = PBXBuildFile; fileRef = 4993E81D22FD5754001EEB63 /* CustomCell.swift */; };
		4993E82E22FD5754001EEB63 /* CustomMenuView.swift in Sources */ = {isa = PBXBuildFile; fileRef = 4993E81E22FD5754001EEB63 /* CustomMenuView.swift */; };
		4993E82F22FD5754001EEB63 /* AppDelegate.swift in Sources */ = {isa = PBXBuildFile; fileRef = 4993E81F22FD5754001EEB63 /* AppDelegate.swift */; };
		4993E83F22FD57B0001EEB63 /* MultilevelMenuBundle.bundle in Resources */ = {isa = PBXBuildFile; fileRef = 4993E83422FD57B0001EEB63 /* MultilevelMenuBundle.bundle */; };
		4993E84022FD57B0001EEB63 /* MenuDataModel.swift in Sources */ = {isa = PBXBuildFile; fileRef = 4993E83622FD57B0001EEB63 /* MenuDataModel.swift */; };
		4993E84122FD57B0001EEB63 /* MultilevelMenuOption.swift in Sources */ = {isa = PBXBuildFile; fileRef = 4993E83722FD57B0001EEB63 /* MultilevelMenuOption.swift */; };
		4993E84222FD57B0001EEB63 /* MultilevelStyle2Menu.swift in Sources */ = {isa = PBXBuildFile; fileRef = 4993E83822FD57B0001EEB63 /* MultilevelStyle2Menu.swift */; };
		4993E84322FD57B0001EEB63 /* MenuMarco.swift in Sources */ = {isa = PBXBuildFile; fileRef = 4993E83922FD57B0001EEB63 /* MenuMarco.swift */; };
		4993E84422FD57B0001EEB63 /* MultilevelMenuStyle1View.swift in Sources */ = {isa = PBXBuildFile; fileRef = 4993E83A22FD57B0001EEB63 /* MultilevelMenuStyle1View.swift */; };
		4993E84522FD57B0001EEB63 /* MultilevelMenuView.swift in Sources */ = {isa = PBXBuildFile; fileRef = 4993E83B22FD57B0001EEB63 /* MultilevelMenuView.swift */; };
		4993E84622FD57B0001EEB63 /* MultilevelMenuStyle2View.swift in Sources */ = {isa = PBXBuildFile; fileRef = 4993E83C22FD57B0001EEB63 /* MultilevelMenuStyle2View.swift */; };
		4993E84722FD57B0001EEB63 /* MultilevelStlyeMenu.swift in Sources */ = {isa = PBXBuildFile; fileRef = 4993E83D22FD57B0001EEB63 /* MultilevelStlyeMenu.swift */; };
		4993E84822FD57B0001EEB63 /* MultilevelStyle1Menu.swift in Sources */ = {isa = PBXBuildFile; fileRef = 4993E83E22FD57B0001EEB63 /* MultilevelStyle1Menu.swift */; };
/* End PBXBuildFile section */

/* Begin PBXContainerItemProxy section */
		499C67182092C49200C36F75 /* PBXContainerItemProxy */ = {
			isa = PBXContainerItemProxy;
			containerPortal = 499C66FB2092C48B00C36F75 /* Project object */;
			proxyType = 1;
			remoteGlobalIDString = 499C67022092C48B00C36F75;
			remoteInfo = MultilevelMenuDemo;
		};
		499C67232092C49200C36F75 /* PBXContainerItemProxy */ = {
			isa = PBXContainerItemProxy;
			containerPortal = 499C66FB2092C48B00C36F75 /* Project object */;
			proxyType = 1;
			remoteGlobalIDString = 499C67022092C48B00C36F75;
			remoteInfo = MultilevelMenuDemo;
		};
/* End PBXContainerItemProxy section */

/* Begin PBXFileReference section */
		4993E80E22FD5753001EEB63 /* ViewController.swift */ = {isa = PBXFileReference; fileEncoding = 4; lastKnownFileType = sourcecode.swift; path = ViewController.swift; sourceTree = "<group>"; };
		4993E81222FD5753001EEB63 /* Info.plist */ = {isa = PBXFileReference; fileEncoding = 4; lastKnownFileType = text.plist.xml; path = Info.plist; sourceTree = "<group>"; };
		4993E81522FD5753001EEB63 /* Base */ = {isa = PBXFileReference; lastKnownFileType = file.storyboard; name = Base; path = LaunchScreen.storyboard; sourceTree = "<group>"; };
		4993E81722FD5753001EEB63 /* Base */ = {isa = PBXFileReference; lastKnownFileType = file.storyboard; name = Base; path = Main.storyboard; sourceTree = "<group>"; };
		4993E81822FD5753001EEB63 /* businessType.json */ = {isa = PBXFileReference; fileEncoding = 4; lastKnownFileType = text.json; path = businessType.json; sourceTree = "<group>"; };
		4993E81922FD5753001EEB63 /* Assets.xcassets */ = {isa = PBXFileReference; lastKnownFileType = folder.assetcatalog; path = Assets.xcassets; sourceTree = "<group>"; };
		4993E81B22FD5754001EEB63 /* China.png */ = {isa = PBXFileReference; lastKnownFileType = image.png; path = China.png; sourceTree = "<group>"; };
		4993E81C22FD5754001EEB63 /* CustomCell.xib */ = {isa = PBXFileReference; fileEncoding = 4; lastKnownFileType = file.xib; path = CustomCell.xib; sourceTree = "<group>"; };
		4993E81D22FD5754001EEB63 /* CustomCell.swift */ = {isa = PBXFileReference; fileEncoding = 4; lastKnownFileType = sourcecode.swift; path = CustomCell.swift; sourceTree = "<group>"; };
		4993E81E22FD5754001EEB63 /* CustomMenuView.swift */ = {isa = PBXFileReference; fileEncoding = 4; lastKnownFileType = sourcecode.swift; path = CustomMenuView.swift; sourceTree = "<group>"; };
		4993E81F22FD5754001EEB63 /* AppDelegate.swift */ = {isa = PBXFileReference; fileEncoding = 4; lastKnownFileType = sourcecode.swift; path = AppDelegate.swift; sourceTree = "<group>"; };
		4993E83422FD57B0001EEB63 /* MultilevelMenuBundle.bundle */ = {isa = PBXFileReference; lastKnownFileType = "wrapper.plug-in"; path = MultilevelMenuBundle.bundle; sourceTree = "<group>"; };
		4993E83622FD57B0001EEB63 /* MenuDataModel.swift */ = {isa = PBXFileReference; fileEncoding = 4; lastKnownFileType = sourcecode.swift; path = MenuDataModel.swift; sourceTree = "<group>"; };
		4993E83722FD57B0001EEB63 /* MultilevelMenuOption.swift */ = {isa = PBXFileReference; fileEncoding = 4; lastKnownFileType = sourcecode.swift; path = MultilevelMenuOption.swift; sourceTree = "<group>"; };
		4993E83822FD57B0001EEB63 /* MultilevelStyle2Menu.swift */ = {isa = PBXFileReference; fileEncoding = 4; lastKnownFileType = sourcecode.swift; path = MultilevelStyle2Menu.swift; sourceTree = "<group>"; };
		4993E83922FD57B0001EEB63 /* MenuMarco.swift */ = {isa = PBXFileReference; fileEncoding = 4; lastKnownFileType = sourcecode.swift; path = MenuMarco.swift; sourceTree = "<group>"; };
		4993E83A22FD57B0001EEB63 /* MultilevelMenuStyle1View.swift */ = {isa = PBXFileReference; fileEncoding = 4; lastKnownFileType = sourcecode.swift; path = MultilevelMenuStyle1View.swift; sourceTree = "<group>"; };
		4993E83B22FD57B0001EEB63 /* MultilevelMenuView.swift */ = {isa = PBXFileReference; fileEncoding = 4; lastKnownFileType = sourcecode.swift; path = MultilevelMenuView.swift; sourceTree = "<group>"; };
		4993E83C22FD57B0001EEB63 /* MultilevelMenuStyle2View.swift */ = {isa = PBXFileReference; fileEncoding = 4; lastKnownFileType = sourcecode.swift; path = MultilevelMenuStyle2View.swift; sourceTree = "<group>"; };
		4993E83D22FD57B0001EEB63 /* MultilevelStlyeMenu.swift */ = {isa = PBXFileReference; fileEncoding = 4; lastKnownFileType = sourcecode.swift; path = MultilevelStlyeMenu.swift; sourceTree = "<group>"; };
		4993E83E22FD57B0001EEB63 /* MultilevelStyle1Menu.swift */ = {isa = PBXFileReference; fileEncoding = 4; lastKnownFileType = sourcecode.swift; path = MultilevelStyle1Menu.swift; sourceTree = "<group>"; };
		499C67032092C48B00C36F75 /* MultilevelMenu.app */ = {isa = PBXFileReference; explicitFileType = wrapper.application; includeInIndex = 0; path = MultilevelMenu.app; sourceTree = BUILT_PRODUCTS_DIR; };
		499C67172092C49200C36F75 /* MultilevelMenuTests.xctest */ = {isa = PBXFileReference; explicitFileType = wrapper.cfbundle; includeInIndex = 0; path = MultilevelMenuTests.xctest; sourceTree = BUILT_PRODUCTS_DIR; };
		499C67222092C49200C36F75 /* MultilevelMenuUITests.xctest */ = {isa = PBXFileReference; explicitFileType = wrapper.cfbundle; includeInIndex = 0; path = MultilevelMenuUITests.xctest; sourceTree = BUILT_PRODUCTS_DIR; };
/* End PBXFileReference section */

/* Begin PBXFrameworksBuildPhase section */
		499C67002092C48B00C36F75 /* Frameworks */ = {
			isa = PBXFrameworksBuildPhase;
			buildActionMask = 2147483647;
			files = (
			);
			runOnlyForDeploymentPostprocessing = 0;
		};
		499C67142092C49200C36F75 /* Frameworks */ = {
			isa = PBXFrameworksBuildPhase;
			buildActionMask = 2147483647;
			files = (
			);
			runOnlyForDeploymentPostprocessing = 0;
		};
		499C671F2092C49200C36F75 /* Frameworks */ = {
			isa = PBXFrameworksBuildPhase;
			buildActionMask = 2147483647;
			files = (
			);
			runOnlyForDeploymentPostprocessing = 0;
		};
/* End PBXFrameworksBuildPhase section */

/* Begin PBXGroup section */
		4993E81322FD5753001EEB63 /* Base.lproj */ = {
			isa = PBXGroup;
			children = (
				4993E81422FD5753001EEB63 /* LaunchScreen.storyboard */,
				4993E81622FD5753001EEB63 /* Main.storyboard */,
			);
			path = Base.lproj;
			sourceTree = "<group>";
		};
		4993E81A22FD5754001EEB63 /* CustomMenu */ = {
			isa = PBXGroup;
			children = (
				4993E81B22FD5754001EEB63 /* China.png */,
				4993E81C22FD5754001EEB63 /* CustomCell.xib */,
				4993E81D22FD5754001EEB63 /* CustomCell.swift */,
				4993E81E22FD5754001EEB63 /* CustomMenuView.swift */,
			);
			path = CustomMenu;
			sourceTree = "<group>";
		};
		4993E83222FD57B0001EEB63 /* MultilevelMenu */ = {
			isa = PBXGroup;
			children = (
				4993E83322FD57B0001EEB63 /* Resources */,
				4993E83522FD57B0001EEB63 /* Source */,
			);
			name = MultilevelMenu;
			path = ../../MultilevelMenu;
			sourceTree = "<group>";
		};
		4993E83322FD57B0001EEB63 /* Resources */ = {
			isa = PBXGroup;
			children = (
				4993E83422FD57B0001EEB63 /* MultilevelMenuBundle.bundle */,
			);
			path = Resources;
			sourceTree = "<group>";
		};
		4993E83522FD57B0001EEB63 /* Source */ = {
			isa = PBXGroup;
			children = (
				4993E83622FD57B0001EEB63 /* MenuDataModel.swift */,
				4993E83722FD57B0001EEB63 /* MultilevelMenuOption.swift */,
				4993E83822FD57B0001EEB63 /* MultilevelStyle2Menu.swift */,
				4993E83922FD57B0001EEB63 /* MenuMarco.swift */,
				4993E83A22FD57B0001EEB63 /* MultilevelMenuStyle1View.swift */,
				4993E83B22FD57B0001EEB63 /* MultilevelMenuView.swift */,
				4993E83C22FD57B0001EEB63 /* MultilevelMenuStyle2View.swift */,
				4993E83D22FD57B0001EEB63 /* MultilevelStlyeMenu.swift */,
				4993E83E22FD57B0001EEB63 /* MultilevelStyle1Menu.swift */,
			);
			path = Source;
			sourceTree = "<group>";
		};
		499C66FA2092C48B00C36F75 = {
			isa = PBXGroup;
			children = (
				4993E83222FD57B0001EEB63 /* MultilevelMenu */,
				4993E81A22FD5754001EEB63 /* CustomMenu */,
				4993E80E22FD5753001EEB63 /* ViewController.swift */,
				4993E81F22FD5754001EEB63 /* AppDelegate.swift */,
				4993E81922FD5753001EEB63 /* Assets.xcassets */,
				4993E81322FD5753001EEB63 /* Base.lproj */,
				4993E81822FD5753001EEB63 /* businessType.json */,
				4993E81222FD5753001EEB63 /* Info.plist */,
				499C67042092C48B00C36F75 /* Products */,
			);
			sourceTree = "<group>";
		};
		499C67042092C48B00C36F75 /* Products */ = {
			isa = PBXGroup;
			children = (
				499C67032092C48B00C36F75 /* MultilevelMenu.app */,
				499C67172092C49200C36F75 /* MultilevelMenuTests.xctest */,
				499C67222092C49200C36F75 /* MultilevelMenuUITests.xctest */,
			);
			name = Products;
			sourceTree = "<group>";
		};
/* End PBXGroup section */

/* Begin PBXNativeTarget section */
		499C67022092C48B00C36F75 /* MultilevelMenu */ = {
			isa = PBXNativeTarget;
			buildConfigurationList = 499C672B2092C49200C36F75 /* Build configuration list for PBXNativeTarget "MultilevelMenu" */;
			buildPhases = (
				499C66FF2092C48B00C36F75 /* Sources */,
				499C67002092C48B00C36F75 /* Frameworks */,
				499C67012092C48B00C36F75 /* Resources */,
			);
			buildRules = (
			);
			dependencies = (
			);
			name = MultilevelMenu;
			productName = MultilevelMenuDemo;
			productReference = 499C67032092C48B00C36F75 /* MultilevelMenu.app */;
			productType = "com.apple.product-type.application";
		};
		499C67162092C49200C36F75 /* MultilevelMenuTests */ = {
			isa = PBXNativeTarget;
			buildConfigurationList = 499C672E2092C49200C36F75 /* Build configuration list for PBXNativeTarget "MultilevelMenuTests" */;
			buildPhases = (
				499C67132092C49200C36F75 /* Sources */,
				499C67142092C49200C36F75 /* Frameworks */,
				499C67152092C49200C36F75 /* Resources */,
			);
			buildRules = (
			);
			dependencies = (
				499C67192092C49200C36F75 /* PBXTargetDependency */,
			);
			name = MultilevelMenuTests;
			productName = MultilevelMenuDemoTests;
			productReference = 499C67172092C49200C36F75 /* MultilevelMenuTests.xctest */;
			productType = "com.apple.product-type.bundle.unit-test";
		};
		499C67212092C49200C36F75 /* MultilevelMenuUITests */ = {
			isa = PBXNativeTarget;
			buildConfigurationList = 499C67312092C49200C36F75 /* Build configuration list for PBXNativeTarget "MultilevelMenuUITests" */;
			buildPhases = (
				499C671E2092C49200C36F75 /* Sources */,
				499C671F2092C49200C36F75 /* Frameworks */,
				499C67202092C49200C36F75 /* Resources */,
			);
			buildRules = (
			);
			dependencies = (
				499C67242092C49200C36F75 /* PBXTargetDependency */,
			);
			name = MultilevelMenuUITests;
			productName = MultilevelMenuDemoUITests;
			productReference = 499C67222092C49200C36F75 /* MultilevelMenuUITests.xctest */;
			productType = "com.apple.product-type.bundle.ui-testing";
		};
/* End PBXNativeTarget section */

/* Begin PBXProject section */
		499C66FB2092C48B00C36F75 /* Project object */ = {
			isa = PBXProject;
			attributes = {
				LastSwiftUpdateCheck = 0930;
				LastUpgradeCheck = 0930;
				ORGANIZATIONNAME = ChokShen;
				TargetAttributes = {
					499C67022092C48B00C36F75 = {
						CreatedOnToolsVersion = 9.3;
						LastSwiftMigration = 1010;
					};
					499C67162092C49200C36F75 = {
						CreatedOnToolsVersion = 9.3;
						TestTargetID = 499C67022092C48B00C36F75;
					};
					499C67212092C49200C36F75 = {
						CreatedOnToolsVersion = 9.3;
						TestTargetID = 499C67022092C48B00C36F75;
					};
				};
			};
			buildConfigurationList = 499C66FE2092C48B00C36F75 /* Build configuration list for PBXProject "MultilevelMenu" */;
			compatibilityVersion = "Xcode 9.3";
			developmentRegion = en;
			hasScannedForEncodings = 0;
			knownRegions = (
				en,
				Base,
			);
			mainGroup = 499C66FA2092C48B00C36F75;
			productRefGroup = 499C67042092C48B00C36F75 /* Products */;
			projectDirPath = "";
			projectRoot = "";
			targets = (
				499C67022092C48B00C36F75 /* MultilevelMenu */,
				499C67162092C49200C36F75 /* MultilevelMenuTests */,
				499C67212092C49200C36F75 /* MultilevelMenuUITests */,
			);
		};
/* End PBXProject section */

/* Begin PBXResourcesBuildPhase section */
		499C67012092C48B00C36F75 /* Resources */ = {
			isa = PBXResourcesBuildPhase;
			buildActionMask = 2147483647;
			files = (
				4993E82722FD5754001EEB63 /* LaunchScreen.storyboard in Resources */,
				4993E82C22FD5754001EEB63 /* CustomCell.xib in Resources */,
				4993E82922FD5754001EEB63 /* businessType.json in Resources */,
				4993E82B22FD5754001EEB63 /* China.png in Resources */,
				4993E82A22FD5754001EEB63 /* Assets.xcassets in Resources */,
				4993E83F22FD57B0001EEB63 /* MultilevelMenuBundle.bundle in Resources */,
				4993E82822FD5754001EEB63 /* Main.storyboard in Resources */,
			);
			runOnlyForDeploymentPostprocessing = 0;
		};
		499C67152092C49200C36F75 /* Resources */ = {
			isa = PBXResourcesBuildPhase;
			buildActionMask = 2147483647;
			files = (
			);
			runOnlyForDeploymentPostprocessing = 0;
		};
		499C67202092C49200C36F75 /* Resources */ = {
			isa = PBXResourcesBuildPhase;
			buildActionMask = 2147483647;
			files = (
			);
			runOnlyForDeploymentPostprocessing = 0;
		};
/* End PBXResourcesBuildPhase section */

/* Begin PBXSourcesBuildPhase section */
		499C66FF2092C48B00C36F75 /* Sources */ = {
			isa = PBXSourcesBuildPhase;
			buildActionMask = 2147483647;
			files = (
				4993E84222FD57B0001EEB63 /* MultilevelStyle2Menu.swift in Sources */,
				4993E84322FD57B0001EEB63 /* MenuMarco.swift in Sources */,
				4993E84122FD57B0001EEB63 /* MultilevelMenuOption.swift in Sources */,
				4993E84622FD57B0001EEB63 /* MultilevelMenuStyle2View.swift in Sources */,
				4993E82322FD5754001EEB63 /* ViewController.swift in Sources */,
				4993E82D22FD5754001EEB63 /* CustomCell.swift in Sources */,
				4993E84522FD57B0001EEB63 /* MultilevelMenuView.swift in Sources */,
				4993E84722FD57B0001EEB63 /* MultilevelStlyeMenu.swift in Sources */,
				4993E82E22FD5754001EEB63 /* CustomMenuView.swift in Sources */,
				4993E84822FD57B0001EEB63 /* MultilevelStyle1Menu.swift in Sources */,
				4993E84022FD57B0001EEB63 /* MenuDataModel.swift in Sources */,
				4993E84422FD57B0001EEB63 /* MultilevelMenuStyle1View.swift in Sources */,
				4993E82F22FD5754001EEB63 /* AppDelegate.swift in Sources */,
			);
			runOnlyForDeploymentPostprocessing = 0;
		};
		499C67132092C49200C36F75 /* Sources */ = {
			isa = PBXSourcesBuildPhase;
			buildActionMask = 2147483647;
			files = (
			);
			runOnlyForDeploymentPostprocessing = 0;
		};
		499C671E2092C49200C36F75 /* Sources */ = {
			isa = PBXSourcesBuildPhase;
			buildActionMask = 2147483647;
			files = (
			);
			runOnlyForDeploymentPostprocessing = 0;
		};
/* End PBXSourcesBuildPhase section */

/* Begin PBXTargetDependency section */
		499C67192092C49200C36F75 /* PBXTargetDependency */ = {
			isa = PBXTargetDependency;
			target = 499C67022092C48B00C36F75 /* MultilevelMenu */;
			targetProxy = 499C67182092C49200C36F75 /* PBXContainerItemProxy */;
		};
		499C67242092C49200C36F75 /* PBXTargetDependency */ = {
			isa = PBXTargetDependency;
			target = 499C67022092C48B00C36F75 /* MultilevelMenu */;
			targetProxy = 499C67232092C49200C36F75 /* PBXContainerItemProxy */;
		};
/* End PBXTargetDependency section */

/* Begin PBXVariantGroup section */
		4993E81422FD5753001EEB63 /* LaunchScreen.storyboard */ = {
			isa = PBXVariantGroup;
			children = (
				4993E81522FD5753001EEB63 /* Base */,
			);
			name = LaunchScreen.storyboard;
			sourceTree = "<group>";
		};
		4993E81622FD5753001EEB63 /* Main.storyboard */ = {
			isa = PBXVariantGroup;
			children = (
				4993E81722FD5753001EEB63 /* Base */,
			);
			name = Main.storyboard;
			sourceTree = "<group>";
		};
/* End PBXVariantGroup section */

/* Begin XCBuildConfiguration section */
		499C67292092C49200C36F75 /* Debug */ = {
			isa = XCBuildConfiguration;
			buildSettings = {
				ALWAYS_SEARCH_USER_PATHS = NO;
				CLANG_ANALYZER_NONNULL = YES;
				CLANG_ANALYZER_NUMBER_OBJECT_CONVERSION = YES_AGGRESSIVE;
				CLANG_CXX_LANGUAGE_STANDARD = "gnu++14";
				CLANG_CXX_LIBRARY = "libc++";
				CLANG_ENABLE_MODULES = YES;
				CLANG_ENABLE_OBJC_ARC = YES;
				CLANG_ENABLE_OBJC_WEAK = YES;
				CLANG_WARN_BLOCK_CAPTURE_AUTORELEASING = YES;
				CLANG_WARN_BOOL_CONVERSION = YES;
				CLANG_WARN_COMMA = YES;
				CLANG_WARN_CONSTANT_CONVERSION = YES;
				CLANG_WARN_DEPRECATED_OBJC_IMPLEMENTATIONS = YES;
				CLANG_WARN_DIRECT_OBJC_ISA_USAGE = YES_ERROR;
				CLANG_WARN_DOCUMENTATION_COMMENTS = YES;
				CLANG_WARN_EMPTY_BODY = YES;
				CLANG_WARN_ENUM_CONVERSION = YES;
				CLANG_WARN_INFINITE_RECURSION = YES;
				CLANG_WARN_INT_CONVERSION = YES;
				CLANG_WARN_NON_LITERAL_NULL_CONVERSION = YES;
				CLANG_WARN_OBJC_IMPLICIT_RETAIN_SELF = YES;
				CLANG_WARN_OBJC_LITERAL_CONVERSION = YES;
				CLANG_WARN_OBJC_ROOT_CLASS = YES_ERROR;
				CLANG_WARN_RANGE_LOOP_ANALYSIS = YES;
				CLANG_WARN_STRICT_PROTOTYPES = YES;
				CLANG_WARN_SUSPICIOUS_MOVE = YES;
				CLANG_WARN_UNGUARDED_AVAILABILITY = YES_AGGRESSIVE;
				CLANG_WARN_UNREACHABLE_CODE = YES;
				CLANG_WARN__DUPLICATE_METHOD_MATCH = YES;
				CODE_SIGN_IDENTITY = "iPhone Developer";
				COPY_PHASE_STRIP = NO;
				DEBUG_INFORMATION_FORMAT = dwarf;
				ENABLE_STRICT_OBJC_MSGSEND = YES;
				ENABLE_TESTABILITY = YES;
				GCC_C_LANGUAGE_STANDARD = gnu11;
				GCC_DYNAMIC_NO_PIC = NO;
				GCC_NO_COMMON_BLOCKS = YES;
				GCC_OPTIMIZATION_LEVEL = 0;
				GCC_PREPROCESSOR_DEFINITIONS = (
					"DEBUG=1",
					"$(inherited)",
				);
				GCC_WARN_64_TO_32_BIT_CONVERSION = YES;
				GCC_WARN_ABOUT_RETURN_TYPE = YES_ERROR;
				GCC_WARN_UNDECLARED_SELECTOR = YES;
				GCC_WARN_UNINITIALIZED_AUTOS = YES_AGGRESSIVE;
				GCC_WARN_UNUSED_FUNCTION = YES;
				GCC_WARN_UNUSED_VARIABLE = YES;
				IPHONEOS_DEPLOYMENT_TARGET = 11.3;
				MTL_ENABLE_DEBUG_INFO = YES;
				ONLY_ACTIVE_ARCH = YES;
				SDKROOT = iphoneos;
				SWIFT_ACTIVE_COMPILATION_CONDITIONS = DEBUG;
				SWIFT_OPTIMIZATION_LEVEL = "-Onone";
			};
			name = Debug;
		};
		499C672A2092C49200C36F75 /* Release */ = {
			isa = XCBuildConfiguration;
			buildSettings = {
				ALWAYS_SEARCH_USER_PATHS = NO;
				CLANG_ANALYZER_NONNULL = YES;
				CLANG_ANALYZER_NUMBER_OBJECT_CONVERSION = YES_AGGRESSIVE;
				CLANG_CXX_LANGUAGE_STANDARD = "gnu++14";
				CLANG_CXX_LIBRARY = "libc++";
				CLANG_ENABLE_MODULES = YES;
				CLANG_ENABLE_OBJC_ARC = YES;
				CLANG_ENABLE_OBJC_WEAK = YES;
				CLANG_WARN_BLOCK_CAPTURE_AUTORELEASING = YES;
				CLANG_WARN_BOOL_CONVERSION = YES;
				CLANG_WARN_COMMA = YES;
				CLANG_WARN_CONSTANT_CONVERSION = YES;
				CLANG_WARN_DEPRECATED_OBJC_IMPLEMENTATIONS = YES;
				CLANG_WARN_DIRECT_OBJC_ISA_USAGE = YES_ERROR;
				CLANG_WARN_DOCUMENTATION_COMMENTS = YES;
				CLANG_WARN_EMPTY_BODY = YES;
				CLANG_WARN_ENUM_CONVERSION = YES;
				CLANG_WARN_INFINITE_RECURSION = YES;
				CLANG_WARN_INT_CONVERSION = YES;
				CLANG_WARN_NON_LITERAL_NULL_CONVERSION = YES;
				CLANG_WARN_OBJC_IMPLICIT_RETAIN_SELF = YES;
				CLANG_WARN_OBJC_LITERAL_CONVERSION = YES;
				CLANG_WARN_OBJC_ROOT_CLASS = YES_ERROR;
				CLANG_WARN_RANGE_LOOP_ANALYSIS = YES;
				CLANG_WARN_STRICT_PROTOTYPES = YES;
				CLANG_WARN_SUSPICIOUS_MOVE = YES;
				CLANG_WARN_UNGUARDED_AVAILABILITY = YES_AGGRESSIVE;
				CLANG_WARN_UNREACHABLE_CODE = YES;
				CLANG_WARN__DUPLICATE_METHOD_MATCH = YES;
				CODE_SIGN_IDENTITY = "iPhone Developer";
				COPY_PHASE_STRIP = NO;
				DEBUG_INFORMATION_FORMAT = "dwarf-with-dsym";
				ENABLE_NS_ASSERTIONS = NO;
				ENABLE_STRICT_OBJC_MSGSEND = YES;
				GCC_C_LANGUAGE_STANDARD = gnu11;
				GCC_NO_COMMON_BLOCKS = YES;
				GCC_WARN_64_TO_32_BIT_CONVERSION = YES;
				GCC_WARN_ABOUT_RETURN_TYPE = YES_ERROR;
				GCC_WARN_UNDECLARED_SELECTOR = YES;
				GCC_WARN_UNINITIALIZED_AUTOS = YES_AGGRESSIVE;
				GCC_WARN_UNUSED_FUNCTION = YES;
				GCC_WARN_UNUSED_VARIABLE = YES;
				IPHONEOS_DEPLOYMENT_TARGET = 11.3;
				MTL_ENABLE_DEBUG_INFO = NO;
				SDKROOT = iphoneos;
				SWIFT_COMPILATION_MODE = wholemodule;
				SWIFT_OPTIMIZATION_LEVEL = "-O";
				VALIDATE_PRODUCT = YES;
			};
			name = Release;
		};
		499C672C2092C49200C36F75 /* Debug */ = {
			isa = XCBuildConfiguration;
			buildSettings = {
				ASSETCATALOG_COMPILER_APPICON_NAME = AppIcon;
				CLANG_ENABLE_MODULES = YES;
				CODE_SIGN_STYLE = Automatic;
				DEVELOPMENT_TEAM = RJUJXP82S4;
				INFOPLIST_FILE = "$(SRCROOT)/Info.plist";
				IPHONEOS_DEPLOYMENT_TARGET = 8.0;
				LD_RUNPATH_SEARCH_PATHS = (
					"$(inherited)",
					"@executable_path/Frameworks",
				);
				PRODUCT_BUNDLE_IDENTIFIER = com.ChokShen.MultilevelMenuDemo;
				PRODUCT_NAME = "$(TARGET_NAME)";
				SWIFT_OPTIMIZATION_LEVEL = "-Onone";
				SWIFT_VERSION = 4.2;
				TARGETED_DEVICE_FAMILY = "1,2";
			};
			name = Debug;
		};
		499C672D2092C49200C36F75 /* Release */ = {
			isa = XCBuildConfiguration;
			buildSettings = {
				ASSETCATALOG_COMPILER_APPICON_NAME = AppIcon;
				CLANG_ENABLE_MODULES = YES;
				CODE_SIGN_STYLE = Automatic;
				DEVELOPMENT_TEAM = RJUJXP82S4;
				INFOPLIST_FILE = "$(SRCROOT)/Info.plist";
				IPHONEOS_DEPLOYMENT_TARGET = 8.0;
				LD_RUNPATH_SEARCH_PATHS = (
					"$(inherited)",
					"@executable_path/Frameworks",
				);
				PRODUCT_BUNDLE_IDENTIFIER = com.ChokShen.MultilevelMenuDemo;
				PRODUCT_NAME = "$(TARGET_NAME)";
				SWIFT_VERSION = 4.2;
				TARGETED_DEVICE_FAMILY = "1,2";
			};
			name = Release;
		};
		499C672F2092C49200C36F75 /* Debug */ = {
			isa = XCBuildConfiguration;
			buildSettings = {
				ALWAYS_EMBED_SWIFT_STANDARD_LIBRARIES = YES;
				BUNDLE_LOADER = "$(TEST_HOST)";
				CODE_SIGN_STYLE = Automatic;
				INFOPLIST_FILE = MultilevelMenuDemoTests/Info.plist;
				LD_RUNPATH_SEARCH_PATHS = (
					"$(inherited)",
					"@executable_path/Frameworks",
					"@loader_path/Frameworks",
				);
				PRODUCT_BUNDLE_IDENTIFIER = com.ChokShen.MultilevelMenuDemoTests;
				PRODUCT_NAME = "$(TARGET_NAME)";
				SWIFT_VERSION = 4.0;
				TARGETED_DEVICE_FAMILY = "1,2";
				TEST_HOST = "$(BUILT_PRODUCTS_DIR)/MultilevelMenu.app/MultilevelMenu";
			};
			name = Debug;
		};
		499C67302092C49200C36F75 /* Release */ = {
			isa = XCBuildConfiguration;
			buildSettings = {
				ALWAYS_EMBED_SWIFT_STANDARD_LIBRARIES = YES;
				BUNDLE_LOADER = "$(TEST_HOST)";
				CODE_SIGN_STYLE = Automatic;
				INFOPLIST_FILE = MultilevelMenuDemoTests/Info.plist;
				LD_RUNPATH_SEARCH_PATHS = (
					"$(inherited)",
					"@executable_path/Frameworks",
					"@loader_path/Frameworks",
				);
				PRODUCT_BUNDLE_IDENTIFIER = com.ChokShen.MultilevelMenuDemoTests;
				PRODUCT_NAME = "$(TARGET_NAME)";
				SWIFT_VERSION = 4.0;
				TARGETED_DEVICE_FAMILY = "1,2";
				TEST_HOST = "$(BUILT_PRODUCTS_DIR)/MultilevelMenu.app/MultilevelMenu";
			};
			name = Release;
		};
		499C67322092C49200C36F75 /* Debug */ = {
			isa = XCBuildConfiguration;
			buildSettings = {
				ALWAYS_EMBED_SWIFT_STANDARD_LIBRARIES = YES;
				CODE_SIGN_STYLE = Automatic;
				INFOPLIST_FILE = MultilevelMenuDemoUITests/Info.plist;
				LD_RUNPATH_SEARCH_PATHS = (
					"$(inherited)",
					"@executable_path/Frameworks",
					"@loader_path/Frameworks",
				);
				PRODUCT_BUNDLE_IDENTIFIER = com.ChokShen.MultilevelMenuDemoUITests;
				PRODUCT_NAME = "$(TARGET_NAME)";
				SWIFT_VERSION = 4.0;
				TARGETED_DEVICE_FAMILY = "1,2";
				TEST_TARGET_NAME = MultilevelMenuDemo;
			};
			name = Debug;
		};
		499C67332092C49200C36F75 /* Release */ = {
			isa = XCBuildConfiguration;
			buildSettings = {
				ALWAYS_EMBED_SWIFT_STANDARD_LIBRARIES = YES;
				CODE_SIGN_STYLE = Automatic;
				INFOPLIST_FILE = MultilevelMenuDemoUITests/Info.plist;
				LD_RUNPATH_SEARCH_PATHS = (
					"$(inherited)",
					"@executable_path/Frameworks",
					"@loader_path/Frameworks",
				);
				PRODUCT_BUNDLE_IDENTIFIER = com.ChokShen.MultilevelMenuDemoUITests;
				PRODUCT_NAME = "$(TARGET_NAME)";
				SWIFT_VERSION = 4.0;
				TARGETED_DEVICE_FAMILY = "1,2";
				TEST_TARGET_NAME = MultilevelMenuDemo;
			};
			name = Release;
		};
/* End XCBuildConfiguration section */

/* Begin XCConfigurationList section */
		499C66FE2092C48B00C36F75 /* Build configuration list for PBXProject "MultilevelMenu" */ = {
			isa = XCConfigurationList;
			buildConfigurations = (
				499C67292092C49200C36F75 /* Debug */,
				499C672A2092C49200C36F75 /* Release */,
			);
			defaultConfigurationIsVisible = 0;
			defaultConfigurationName = Release;
		};
		499C672B2092C49200C36F75 /* Build configuration list for PBXNativeTarget "MultilevelMenu" */ = {
			isa = XCConfigurationList;
			buildConfigurations = (
				499C672C2092C49200C36F75 /* Debug */,
				499C672D2092C49200C36F75 /* Release */,
			);
			defaultConfigurationIsVisible = 0;
			defaultConfigurationName = Release;
		};
		499C672E2092C49200C36F75 /* Build configuration list for PBXNativeTarget "MultilevelMenuTests" */ = {
			isa = XCConfigurationList;
			buildConfigurations = (
				499C672F2092C49200C36F75 /* Debug */,
				499C67302092C49200C36F75 /* Release */,
			);
			defaultConfigurationIsVisible = 0;
			defaultConfigurationName = Release;
		};
		499C67312092C49200C36F75 /* Build configuration list for PBXNativeTarget "MultilevelMenuUITests" */ = {
			isa = XCConfigurationList;
			buildConfigurations = (
				499C67322092C49200C36F75 /* Debug */,
				499C67332092C49200C36F75 /* Release */,
			);
			defaultConfigurationIsVisible = 0;
			defaultConfigurationName = Release;
		};
/* End XCConfigurationList section */
	};
	rootObject = 499C66FB2092C48B00C36F75 /* Project object */;
}
