// !$*UTF8*$!
{
	archiveVersion = 1;
	classes = {
	};
	objectVersion = 50;
	objects = {

/* Begin PBXBuildFile section */
		4608868E20A9B5A300D1ADFD /* MultilevelMenuStyle1View.swift in Sources */ = {isa = PBXBuildFile; fileRef = 4608868C20A9B5A300D1ADFD /* MultilevelMenuStyle1View.swift */; };
		4608868F20A9B5A300D1ADFD /* MultilevelStyle1Menu.swift in Sources */ = {isa = PBXBuildFile; fileRef = 4608868D20A9B5A300D1ADFD /* MultilevelStyle1Menu.swift */; };
		4608869120A9BF4D00D1ADFD /* MultilevelMenuView.swift in Sources */ = {isa = PBXBuildFile; fileRef = 4608869020A9BF4D00D1ADFD /* MultilevelMenuView.swift */; };
		462D8B5420A47E9500AD5D41 /* MenuMarco.swift in Sources */ = {isa = PBXBuildFile; fileRef = 462D8B5320A47E9500AD5D41 /* MenuMarco.swift */; };
		469F5A5C20A084E000741DF3 /* CustomCell.swift in Sources */ = {isa = PBXBuildFile; fileRef = 469F5A5A20A084E000741DF3 /* CustomCell.swift */; };
		469F5A5D20A084E000741DF3 /* CustomCell.xib in Resources */ = {isa = PBXBuildFile; fileRef = 469F5A5B20A084E000741DF3 /* CustomCell.xib */; };
		469F5A5F20A0856800741DF3 /* CustomMenuView.swift in Sources */ = {isa = PBXBuildFile; fileRef = 469F5A5E20A0856800741DF3 /* CustomMenuView.swift */; };
		46D6987820A9CD8800674A5F /* MultilevelStlyeMenu.swift in Sources */ = {isa = PBXBuildFile; fileRef = 46D6987720A9CD8800674A5F /* MultilevelStlyeMenu.swift */; };
		46D6987E20A9DE9F00674A5F /* btn_common_close_wh.png in Resources */ = {isa = PBXBuildFile; fileRef = 46D6987B20A9DE9F00674A5F /* btn_common_close_wh.png */; };
		46D6987F20A9DE9F00674A5F /* btn_common_close_wh@3x.png in Resources */ = {isa = PBXBuildFile; fileRef = 46D6987C20A9DE9F00674A5F /* btn_common_close_wh@3x.png */; };
		46D6988020A9DE9F00674A5F /* btn_common_close_wh@2x.png in Resources */ = {isa = PBXBuildFile; fileRef = 46D6987D20A9DE9F00674A5F /* btn_common_close_wh@2x.png */; };
		499C67072092C48B00C36F75 /* AppDelegate.swift in Sources */ = {isa = PBXBuildFile; fileRef = 499C67062092C48B00C36F75 /* AppDelegate.swift */; };
		499C67092092C48B00C36F75 /* ViewController.swift in Sources */ = {isa = PBXBuildFile; fileRef = 499C67082092C48B00C36F75 /* ViewController.swift */; };
		499C670C2092C48C00C36F75 /* Main.storyboard in Resources */ = {isa = PBXBuildFile; fileRef = 499C670A2092C48C00C36F75 /* Main.storyboard */; };
		499C670E2092C49200C36F75 /* Assets.xcassets in Resources */ = {isa = PBXBuildFile; fileRef = 499C670D2092C49200C36F75 /* Assets.xcassets */; };
		499C67112092C49200C36F75 /* LaunchScreen.storyboard in Resources */ = {isa = PBXBuildFile; fileRef = 499C670F2092C49200C36F75 /* LaunchScreen.storyboard */; };
		499C671C2092C49200C36F75 /* MultilevelMenuDemoTests.swift in Sources */ = {isa = PBXBuildFile; fileRef = 499C671B2092C49200C36F75 /* MultilevelMenuDemoTests.swift */; };
		499C67272092C49200C36F75 /* MultilevelMenuDemoUITests.swift in Sources */ = {isa = PBXBuildFile; fileRef = 499C67262092C49200C36F75 /* MultilevelMenuDemoUITests.swift */; };
		499C67382092FAF100C36F75 /* MenuDataModel.swift in Sources */ = {isa = PBXBuildFile; fileRef = 499C67372092FAF100C36F75 /* MenuDataModel.swift */; };
		499C673A2092FB0900C36F75 /* MultilevelMenuStyle2View.swift in Sources */ = {isa = PBXBuildFile; fileRef = 499C67392092FB0900C36F75 /* MultilevelMenuStyle2View.swift */; };
		499C673C2092FB2800C36F75 /* MultilevelMenuOption.swift in Sources */ = {isa = PBXBuildFile; fileRef = 499C673B2092FB2800C36F75 /* MultilevelMenuOption.swift */; };
		499C673E2092FB3900C36F75 /* MultilevelStyle2Menu.swift in Sources */ = {isa = PBXBuildFile; fileRef = 499C673D2092FB3900C36F75 /* MultilevelStyle2Menu.swift */; };
		499C67402092FE7B00C36F75 /* businessType.json in Resources */ = {isa = PBXBuildFile; fileRef = 499C673F2092FE7B00C36F75 /* businessType.json */; };
/* End PBXBuildFile section */

/* Begin PBXContainerItemProxy section */
		499C67182092C49200C36F75 /* PBXContainerItemProxy */ = {
			isa = PBXContainerItemProxy;
			containerPortal = 499C66FB2092C48B00C36F75 /* Project object */;
			proxyType = 1;
			remoteGlobalIDString = 499C67022092C48B00C36F75;
			remoteInfo = MultilevelMenuDemo;
		};
		499C67232092C49200C36F75 /* PBXContainerItemProxy */ = {
			isa = PBXContainerItemProxy;
			containerPortal = 499C66FB2092C48B00C36F75 /* Project object */;
			proxyType = 1;
			remoteGlobalIDString = 499C67022092C48B00C36F75;
			remoteInfo = MultilevelMenuDemo;
		};
/* End PBXContainerItemProxy section */

/* Begin PBXFileReference section */
		4608868C20A9B5A300D1ADFD /* MultilevelMenuStyle1View.swift */ = {isa = PBXFileReference; fileEncoding = 4; lastKnownFileType = sourcecode.swift; path = MultilevelMenuStyle1View.swift; sourceTree = "<group>"; };
		4608868D20A9B5A300D1ADFD /* MultilevelStyle1Menu.swift */ = {isa = PBXFileReference; fileEncoding = 4; lastKnownFileType = sourcecode.swift; path = MultilevelStyle1Menu.swift; sourceTree = "<group>"; };
		4608869020A9BF4D00D1ADFD /* MultilevelMenuView.swift */ = {isa = PBXFileReference; lastKnownFileType = sourcecode.swift; path = MultilevelMenuView.swift; sourceTree = "<group>"; };
		462D8B5320A47E9500AD5D41 /* MenuMarco.swift */ = {isa = PBXFileReference; lastKnownFileType = sourcecode.swift; path = MenuMarco.swift; sourceTree = "<group>"; };
		469F5A5A20A084E000741DF3 /* CustomCell.swift */ = {isa = PBXFileReference; lastKnownFileType = sourcecode.swift; path = CustomCell.swift; sourceTree = "<group>"; };
		469F5A5B20A084E000741DF3 /* CustomCell.xib */ = {isa = PBXFileReference; lastKnownFileType = file.xib; path = CustomCell.xib; sourceTree = "<group>"; };
		469F5A5E20A0856800741DF3 /* CustomMenuView.swift */ = {isa = PBXFileReference; lastKnownFileType = sourcecode.swift; path = CustomMenuView.swift; sourceTree = "<group>"; };
		46D6987720A9CD8800674A5F /* MultilevelStlyeMenu.swift */ = {isa = PBXFileReference; lastKnownFileType = sourcecode.swift; path = MultilevelStlyeMenu.swift; sourceTree = "<group>"; };
		46D6987B20A9DE9F00674A5F /* btn_common_close_wh.png */ = {isa = PBXFileReference; lastKnownFileType = image.png; path = btn_common_close_wh.png; sourceTree = "<group>"; };
		46D6987C20A9DE9F00674A5F /* btn_common_close_wh@3x.png */ = {isa = PBXFileReference; lastKnownFileType = image.png; path = "btn_common_close_wh@3x.png"; sourceTree = "<group>"; };
		46D6987D20A9DE9F00674A5F /* btn_common_close_wh@2x.png */ = {isa = PBXFileReference; lastKnownFileType = image.png; path = "btn_common_close_wh@2x.png"; sourceTree = "<group>"; };
		499C67032092C48B00C36F75 /* MultilevelMenuDemo.app */ = {isa = PBXFileReference; explicitFileType = wrapper.application; includeInIndex = 0; path = MultilevelMenuDemo.app; sourceTree = BUILT_PRODUCTS_DIR; };
		499C67062092C48B00C36F75 /* AppDelegate.swift */ = {isa = PBXFileReference; lastKnownFileType = sourcecode.swift; path = AppDelegate.swift; sourceTree = "<group>"; };
		499C67082092C48B00C36F75 /* ViewController.swift */ = {isa = PBXFileReference; lastKnownFileType = sourcecode.swift; path = ViewController.swift; sourceTree = "<group>"; };
		499C670B2092C48C00C36F75 /* Base */ = {isa = PBXFileReference; lastKnownFileType = file.storyboard; name = Base; path = Base.lproj/Main.storyboard; sourceTree = "<group>"; };
		499C670D2092C49200C36F75 /* Assets.xcassets */ = {isa = PBXFileReference; lastKnownFileType = folder.assetcatalog; path = Assets.xcassets; sourceTree = "<group>"; };
		499C67102092C49200C36F75 /* Base */ = {isa = PBXFileReference; lastKnownFileType = file.storyboard; name = Base; path = Base.lproj/LaunchScreen.storyboard; sourceTree = "<group>"; };
		499C67122092C49200C36F75 /* Info.plist */ = {isa = PBXFileReference; lastKnownFileType = text.plist.xml; path = Info.plist; sourceTree = "<group>"; };
		499C67172092C49200C36F75 /* MultilevelMenuDemoTests.xctest */ = {isa = PBXFileReference; explicitFileType = wrapper.cfbundle; includeInIndex = 0; path = MultilevelMenuDemoTests.xctest; sourceTree = BUILT_PRODUCTS_DIR; };
		499C671B2092C49200C36F75 /* MultilevelMenuDemoTests.swift */ = {isa = PBXFileReference; lastKnownFileType = sourcecode.swift; path = MultilevelMenuDemoTests.swift; sourceTree = "<group>"; };
		499C671D2092C49200C36F75 /* Info.plist */ = {isa = PBXFileReference; lastKnownFileType = text.plist.xml; path = Info.plist; sourceTree = "<group>"; };
		499C67222092C49200C36F75 /* MultilevelMenuDemoUITests.xctest */ = {isa = PBXFileReference; explicitFileType = wrapper.cfbundle; includeInIndex = 0; path = MultilevelMenuDemoUITests.xctest; sourceTree = BUILT_PRODUCTS_DIR; };
		499C67262092C49200C36F75 /* MultilevelMenuDemoUITests.swift */ = {isa = PBXFileReference; lastKnownFileType = sourcecode.swift; path = MultilevelMenuDemoUITests.swift; sourceTree = "<group>"; };
		499C67282092C49200C36F75 /* Info.plist */ = {isa = PBXFileReference; lastKnownFileType = text.plist.xml; path = Info.plist; sourceTree = "<group>"; };
		499C67372092FAF100C36F75 /* MenuDataModel.swift */ = {isa = PBXFileReference; lastKnownFileType = sourcecode.swift; path = MenuDataModel.swift; sourceTree = "<group>"; };
		499C67392092FB0900C36F75 /* MultilevelMenuStyle2View.swift */ = {isa = PBXFileReference; lastKnownFileType = sourcecode.swift; path = MultilevelMenuStyle2View.swift; sourceTree = "<group>"; };
		499C673B2092FB2800C36F75 /* MultilevelMenuOption.swift */ = {isa = PBXFileReference; lastKnownFileType = sourcecode.swift; path = MultilevelMenuOption.swift; sourceTree = "<group>"; };
		499C673D2092FB3900C36F75 /* MultilevelStyle2Menu.swift */ = {isa = PBXFileReference; lastKnownFileType = sourcecode.swift; path = MultilevelStyle2Menu.swift; sourceTree = "<group>"; };
		499C673F2092FE7B00C36F75 /* businessType.json */ = {isa = PBXFileReference; fileEncoding = 4; lastKnownFileType = text.json; path = businessType.json; sourceTree = "<group>"; };
/* End PBXFileReference section */

/* Begin PBXFrameworksBuildPhase section */
		499C67002092C48B00C36F75 /* Frameworks */ = {
			isa = PBXFrameworksBuildPhase;
			buildActionMask = 2147483647;
			files = (
			);
			runOnlyForDeploymentPostprocessing = 0;
		};
		499C67142092C49200C36F75 /* Frameworks */ = {
			isa = PBXFrameworksBuildPhase;
			buildActionMask = 2147483647;
			files = (
			);
			runOnlyForDeploymentPostprocessing = 0;
		};
		499C671F2092C49200C36F75 /* Frameworks */ = {
			isa = PBXFrameworksBuildPhase;
			buildActionMask = 2147483647;
			files = (
			);
			runOnlyForDeploymentPostprocessing = 0;
		};
/* End PBXFrameworksBuildPhase section */

/* Begin PBXGroup section */
		469F5A5920A0846F00741DF3 /* CustomMenu */ = {
			isa = PBXGroup;
			children = (
				469F5A5A20A084E000741DF3 /* CustomCell.swift */,
				469F5A5B20A084E000741DF3 /* CustomCell.xib */,
				469F5A5E20A0856800741DF3 /* CustomMenuView.swift */,
			);
			path = CustomMenu;
			sourceTree = "<group>";
		};
		46D6987A20A9DE1800674A5F /* Resources */ = {
			isa = PBXGroup;
			children = (
				46D6987B20A9DE9F00674A5F /* btn_common_close_wh.png */,
				46D6987D20A9DE9F00674A5F /* btn_common_close_wh@2x.png */,
				46D6987C20A9DE9F00674A5F /* btn_common_close_wh@3x.png */,
			);
			path = Resources;
			sourceTree = "<group>";
		};
		499C66FA2092C48B00C36F75 = {
			isa = PBXGroup;
			children = (
				499C67052092C48B00C36F75 /* MultilevelMenuDemo */,
				499C671A2092C49200C36F75 /* MultilevelMenuDemoTests */,
				499C67252092C49200C36F75 /* MultilevelMenuDemoUITests */,
				499C67042092C48B00C36F75 /* Products */,
			);
			sourceTree = "<group>";
		};
		499C67042092C48B00C36F75 /* Products */ = {
			isa = PBXGroup;
			children = (
				499C67032092C48B00C36F75 /* MultilevelMenuDemo.app */,
				499C67172092C49200C36F75 /* MultilevelMenuDemoTests.xctest */,
				499C67222092C49200C36F75 /* MultilevelMenuDemoUITests.xctest */,
			);
			name = Products;
			sourceTree = "<group>";
		};
		499C67052092C48B00C36F75 /* MultilevelMenuDemo */ = {
			isa = PBXGroup;
			children = (
				499C67362092FACE00C36F75 /* MultilevelMenu */,
				469F5A5920A0846F00741DF3 /* CustomMenu */,
				499C67062092C48B00C36F75 /* AppDelegate.swift */,
				499C67082092C48B00C36F75 /* ViewController.swift */,
				499C670A2092C48C00C36F75 /* Main.storyboard */,
				499C673F2092FE7B00C36F75 /* businessType.json */,
				499C670D2092C49200C36F75 /* Assets.xcassets */,
				499C670F2092C49200C36F75 /* LaunchScreen.storyboard */,
				499C67122092C49200C36F75 /* Info.plist */,
			);
			path = MultilevelMenuDemo;
			sourceTree = "<group>";
		};
		499C671A2092C49200C36F75 /* MultilevelMenuDemoTests */ = {
			isa = PBXGroup;
			children = (
				499C671B2092C49200C36F75 /* MultilevelMenuDemoTests.swift */,
				499C671D2092C49200C36F75 /* Info.plist */,
			);
			path = MultilevelMenuDemoTests;
			sourceTree = "<group>";
		};
		499C67252092C49200C36F75 /* MultilevelMenuDemoUITests */ = {
			isa = PBXGroup;
			children = (
				499C67262092C49200C36F75 /* MultilevelMenuDemoUITests.swift */,
				499C67282092C49200C36F75 /* Info.plist */,
			);
			path = MultilevelMenuDemoUITests;
			sourceTree = "<group>";
		};
		499C67362092FACE00C36F75 /* MultilevelMenu */ = {
			isa = PBXGroup;
			children = (
				462D8B5320A47E9500AD5D41 /* MenuMarco.swift */,
				499C67372092FAF100C36F75 /* MenuDataModel.swift */,
				499C673B2092FB2800C36F75 /* MultilevelMenuOption.swift */,
				4608869020A9BF4D00D1ADFD /* MultilevelMenuView.swift */,
				4608868C20A9B5A300D1ADFD /* MultilevelMenuStyle1View.swift */,
				499C67392092FB0900C36F75 /* MultilevelMenuStyle2View.swift */,
				46D6987720A9CD8800674A5F /* MultilevelStlyeMenu.swift */,
				4608868D20A9B5A300D1ADFD /* MultilevelStyle1Menu.swift */,
				499C673D2092FB3900C36F75 /* MultilevelStyle2Menu.swift */,
				46D6987A20A9DE1800674A5F /* Resources */,
			);
			path = MultilevelMenu;
			sourceTree = "<group>";
		};
/* End PBXGroup section */

/* Begin PBXNativeTarget section */
		499C67022092C48B00C36F75 /* MultilevelMenuDemo */ = {
			isa = PBXNativeTarget;
			buildConfigurationList = 499C672B2092C49200C36F75 /* Build configuration list for PBXNativeTarget "MultilevelMenuDemo" */;
			buildPhases = (
				499C66FF2092C48B00C36F75 /* Sources */,
				499C67002092C48B00C36F75 /* Frameworks */,
				499C67012092C48B00C36F75 /* Resources */,
			);
			buildRules = (
			);
			dependencies = (
			);
			name = MultilevelMenuDemo;
			productName = MultilevelMenuDemo;
			productReference = 499C67032092C48B00C36F75 /* MultilevelMenuDemo.app */;
			productType = "com.apple.product-type.application";
		};
		499C67162092C49200C36F75 /* MultilevelMenuDemoTests */ = {
			isa = PBXNativeTarget;
			buildConfigurationList = 499C672E2092C49200C36F75 /* Build configuration list for PBXNativeTarget "MultilevelMenuDemoTests" */;
			buildPhases = (
				499C67132092C49200C36F75 /* Sources */,
				499C67142092C49200C36F75 /* Frameworks */,
				499C67152092C49200C36F75 /* Resources */,
			);
			buildRules = (
			);
			dependencies = (
				499C67192092C49200C36F75 /* PBXTargetDependency */,
			);
			name = MultilevelMenuDemoTests;
			productName = MultilevelMenuDemoTests;
			productReference = 499C67172092C49200C36F75 /* MultilevelMenuDemoTests.xctest */;
			productType = "com.apple.product-type.bundle.unit-test";
		};
		499C67212092C49200C36F75 /* MultilevelMenuDemoUITests */ = {
			isa = PBXNativeTarget;
			buildConfigurationList = 499C67312092C49200C36F75 /* Build configuration list for PBXNativeTarget "MultilevelMenuDemoUITests" */;
			buildPhases = (
				499C671E2092C49200C36F75 /* Sources */,
				499C671F2092C49200C36F75 /* Frameworks */,
				499C67202092C49200C36F75 /* Resources */,
			);
			buildRules = (
			);
			dependencies = (
				499C67242092C49200C36F75 /* PBXTargetDependency */,
			);
			name = MultilevelMenuDemoUITests;
			productName = MultilevelMenuDemoUITests;
			productReference = 499C67222092C49200C36F75 /* MultilevelMenuDemoUITests.xctest */;
			productType = "com.apple.product-type.bundle.ui-testing";
		};
/* End PBXNativeTarget section */

/* Begin PBXProject section */
		499C66FB2092C48B00C36F75 /* Project object */ = {
			isa = PBXProject;
			attributes = {
				LastSwiftUpdateCheck = 0930;
				LastUpgradeCheck = 0930;
				ORGANIZATIONNAME = ChokShen;
				TargetAttributes = {
					499C67022092C48B00C36F75 = {
						CreatedOnToolsVersion = 9.3;
					};
					499C67162092C49200C36F75 = {
						CreatedOnToolsVersion = 9.3;
						TestTargetID = 499C67022092C48B00C36F75;
					};
					499C67212092C49200C36F75 = {
						CreatedOnToolsVersion = 9.3;
						TestTargetID = 499C67022092C48B00C36F75;
					};
				};
			};
			buildConfigurationList = 499C66FE2092C48B00C36F75 /* Build configuration list for PBXProject "MultilevelMenuDemo" */;
			compatibilityVersion = "Xcode 9.3";
			developmentRegion = en;
			hasScannedForEncodings = 0;
			knownRegions = (
				en,
				Base,
			);
			mainGroup = 499C66FA2092C48B00C36F75;
			productRefGroup = 499C67042092C48B00C36F75 /* Products */;
			projectDirPath = "";
			projectRoot = "";
			targets = (
				499C67022092C48B00C36F75 /* MultilevelMenuDemo */,
				499C67162092C49200C36F75 /* MultilevelMenuDemoTests */,
				499C67212092C49200C36F75 /* MultilevelMenuDemoUITests */,
			);
		};
/* End PBXProject section */

/* Begin PBXResourcesBuildPhase section */
		499C67012092C48B00C36F75 /* Resources */ = {
			isa = PBXResourcesBuildPhase;
			buildActionMask = 2147483647;
			files = (
				469F5A5D20A084E000741DF3 /* CustomCell.xib in Resources */,
				499C67112092C49200C36F75 /* LaunchScreen.storyboard in Resources */,
				499C670E2092C49200C36F75 /* Assets.xcassets in Resources */,
				46D6987E20A9DE9F00674A5F /* btn_common_close_wh.png in Resources */,
				499C670C2092C48C00C36F75 /* Main.storyboard in Resources */,
				499C67402092FE7B00C36F75 /* businessType.json in Resources */,
				46D6988020A9DE9F00674A5F /* btn_common_close_wh@2x.png in Resources */,
				46D6987F20A9DE9F00674A5F /* btn_common_close_wh@3x.png in Resources */,
			);
			runOnlyForDeploymentPostprocessing = 0;
		};
		499C67152092C49200C36F75 /* Resources */ = {
			isa = PBXResourcesBuildPhase;
			buildActionMask = 2147483647;
			files = (
			);
			runOnlyForDeploymentPostprocessing = 0;
		};
		499C67202092C49200C36F75 /* Resources */ = {
			isa = PBXResourcesBuildPhase;
			buildActionMask = 2147483647;
			files = (
			);
			runOnlyForDeploymentPostprocessing = 0;
		};
/* End PBXResourcesBuildPhase section */

/* Begin PBXSourcesBuildPhase section */
		499C66FF2092C48B00C36F75 /* Sources */ = {
			isa = PBXSourcesBuildPhase;
			buildActionMask = 2147483647;
			files = (
				4608868F20A9B5A300D1ADFD /* MultilevelStyle1Menu.swift in Sources */,
				499C67092092C48B00C36F75 /* ViewController.swift in Sources */,
				499C67382092FAF100C36F75 /* MenuDataModel.swift in Sources */,
				469F5A5F20A0856800741DF3 /* CustomMenuView.swift in Sources */,
				499C673C2092FB2800C36F75 /* MultilevelMenuOption.swift in Sources */,
				4608868E20A9B5A300D1ADFD /* MultilevelMenuStyle1View.swift in Sources */,
				499C673A2092FB0900C36F75 /* MultilevelMenuStyle2View.swift in Sources */,
				46D6987820A9CD8800674A5F /* MultilevelStlyeMenu.swift in Sources */,
				499C67072092C48B00C36F75 /* AppDelegate.swift in Sources */,
				469F5A5C20A084E000741DF3 /* CustomCell.swift in Sources */,
				499C673E2092FB3900C36F75 /* MultilevelStyle2Menu.swift in Sources */,
				4608869120A9BF4D00D1ADFD /* MultilevelMenuView.swift in Sources */,
				462D8B5420A47E9500AD5D41 /* MenuMarco.swift in Sources */,
			);
			runOnlyForDeploymentPostprocessing = 0;
		};
		499C67132092C49200C36F75 /* Sources */ = {
			isa = PBXSourcesBuildPhase;
			buildActionMask = 2147483647;
			files = (
				499C671C2092C49200C36F75 /* MultilevelMenuDemoTests.swift in Sources */,
			);
			runOnlyForDeploymentPostprocessing = 0;
		};
		499C671E2092C49200C36F75 /* Sources */ = {
			isa = PBXSourcesBuildPhase;
			buildActionMask = 2147483647;
			files = (
				499C67272092C49200C36F75 /* MultilevelMenuDemoUITests.swift in Sources */,
			);
			runOnlyForDeploymentPostprocessing = 0;
		};
/* End PBXSourcesBuildPhase section */

/* Begin PBXTargetDependency section */
		499C67192092C49200C36F75 /* PBXTargetDependency */ = {
			isa = PBXTargetDependency;
			target = 499C67022092C48B00C36F75 /* MultilevelMenuDemo */;
			targetProxy = 499C67182092C49200C36F75 /* PBXContainerItemProxy */;
		};
		499C67242092C49200C36F75 /* PBXTargetDependency */ = {
			isa = PBXTargetDependency;
			target = 499C67022092C48B00C36F75 /* MultilevelMenuDemo */;
			targetProxy = 499C67232092C49200C36F75 /* PBXContainerItemProxy */;
		};
/* End PBXTargetDependency section */

/* Begin PBXVariantGroup section */
		499C670A2092C48C00C36F75 /* Main.storyboard */ = {
			isa = PBXVariantGroup;
			children = (
				499C670B2092C48C00C36F75 /* Base */,
			);
			name = Main.storyboard;
			sourceTree = "<group>";
		};
		499C670F2092C49200C36F75 /* LaunchScreen.storyboard */ = {
			isa = PBXVariantGroup;
			children = (
				499C67102092C49200C36F75 /* Base */,
			);
			name = LaunchScreen.storyboard;
			sourceTree = "<group>";
		};
/* End PBXVariantGroup section */

/* Begin XCBuildConfiguration section */
		499C67292092C49200C36F75 /* Debug */ = {
			isa = XCBuildConfiguration;
			buildSettings = {
				ALWAYS_SEARCH_USER_PATHS = NO;
				CLANG_ANALYZER_NONNULL = YES;
				CLANG_ANALYZER_NUMBER_OBJECT_CONVERSION = YES_AGGRESSIVE;
				CLANG_CXX_LANGUAGE_STANDARD = "gnu++14";
				CLANG_CXX_LIBRARY = "libc++";
				CLANG_ENABLE_MODULES = YES;
				CLANG_ENABLE_OBJC_ARC = YES;
				CLANG_ENABLE_OBJC_WEAK = YES;
				CLANG_WARN_BLOCK_CAPTURE_AUTORELEASING = YES;
				CLANG_WARN_BOOL_CONVERSION = YES;
				CLANG_WARN_COMMA = YES;
				CLANG_WARN_CONSTANT_CONVERSION = YES;
				CLANG_WARN_DEPRECATED_OBJC_IMPLEMENTATIONS = YES;
				CLANG_WARN_DIRECT_OBJC_ISA_USAGE = YES_ERROR;
				CLANG_WARN_DOCUMENTATION_COMMENTS = YES;
				CLANG_WARN_EMPTY_BODY = YES;
				CLANG_WARN_ENUM_CONVERSION = YES;
				CLANG_WARN_INFINITE_RECURSION = YES;
				CLANG_WARN_INT_CONVERSION = YES;
				CLANG_WARN_NON_LITERAL_NULL_CONVERSION = YES;
				CLANG_WARN_OBJC_IMPLICIT_RETAIN_SELF = YES;
				CLANG_WARN_OBJC_LITERAL_CONVERSION = YES;
				CLANG_WARN_OBJC_ROOT_CLASS = YES_ERROR;
				CLANG_WARN_RANGE_LOOP_ANALYSIS = YES;
				CLANG_WARN_STRICT_PROTOTYPES = YES;
				CLANG_WARN_SUSPICIOUS_MOVE = YES;
				CLANG_WARN_UNGUARDED_AVAILABILITY = YES_AGGRESSIVE;
				CLANG_WARN_UNREACHABLE_CODE = YES;
				CLANG_WARN__DUPLICATE_METHOD_MATCH = YES;
				CODE_SIGN_IDENTITY = "iPhone Developer";
				COPY_PHASE_STRIP = NO;
				DEBUG_INFORMATION_FORMAT = dwarf;
				ENABLE_STRICT_OBJC_MSGSEND = YES;
				ENABLE_TESTABILITY = YES;
				GCC_C_LANGUAGE_STANDARD = gnu11;
				GCC_DYNAMIC_NO_PIC = NO;
				GCC_NO_COMMON_BLOCKS = YES;
				GCC_OPTIMIZATION_LEVEL = 0;
				GCC_PREPROCESSOR_DEFINITIONS = (
					"DEBUG=1",
					"$(inherited)",
				);
				GCC_WARN_64_TO_32_BIT_CONVERSION = YES;
				GCC_WARN_ABOUT_RETURN_TYPE = YES_ERROR;
				GCC_WARN_UNDECLARED_SELECTOR = YES;
				GCC_WARN_UNINITIALIZED_AUTOS = YES_AGGRESSIVE;
				GCC_WARN_UNUSED_FUNCTION = YES;
				GCC_WARN_UNUSED_VARIABLE = YES;
				IPHONEOS_DEPLOYMENT_TARGET = 11.3;
				MTL_ENABLE_DEBUG_INFO = YES;
				ONLY_ACTIVE_ARCH = YES;
				SDKROOT = iphoneos;
				SWIFT_ACTIVE_COMPILATION_CONDITIONS = DEBUG;
				SWIFT_OPTIMIZATION_LEVEL = "-Onone";
			};
			name = Debug;
		};
		499C672A2092C49200C36F75 /* Release */ = {
			isa = XCBuildConfiguration;
			buildSettings = {
				ALWAYS_SEARCH_USER_PATHS = NO;
				CLANG_ANALYZER_NONNULL = YES;
				CLANG_ANALYZER_NUMBER_OBJECT_CONVERSION = YES_AGGRESSIVE;
				CLANG_CXX_LANGUAGE_STANDARD = "gnu++14";
				CLANG_CXX_LIBRARY = "libc++";
				CLANG_ENABLE_MODULES = YES;
				CLANG_ENABLE_OBJC_ARC = YES;
				CLANG_ENABLE_OBJC_WEAK = YES;
				CLANG_WARN_BLOCK_CAPTURE_AUTORELEASING = YES;
				CLANG_WARN_BOOL_CONVERSION = YES;
				CLANG_WARN_COMMA = YES;
				CLANG_WARN_CONSTANT_CONVERSION = YES;
				CLANG_WARN_DEPRECATED_OBJC_IMPLEMENTATIONS = YES;
				CLANG_WARN_DIRECT_OBJC_ISA_USAGE = YES_ERROR;
				CLANG_WARN_DOCUMENTATION_COMMENTS = YES;
				CLANG_WARN_EMPTY_BODY = YES;
				CLANG_WARN_ENUM_CONVERSION = YES;
				CLANG_WARN_INFINITE_RECURSION = YES;
				CLANG_WARN_INT_CONVERSION = YES;
				CLANG_WARN_NON_LITERAL_NULL_CONVERSION = YES;
				CLANG_WARN_OBJC_IMPLICIT_RETAIN_SELF = YES;
				CLANG_WARN_OBJC_LITERAL_CONVERSION = YES;
				CLANG_WARN_OBJC_ROOT_CLASS = YES_ERROR;
				CLANG_WARN_RANGE_LOOP_ANALYSIS = YES;
				CLANG_WARN_STRICT_PROTOTYPES = YES;
				CLANG_WARN_SUSPICIOUS_MOVE = YES;
				CLANG_WARN_UNGUARDED_AVAILABILITY = YES_AGGRESSIVE;
				CLANG_WARN_UNREACHABLE_CODE = YES;
				CLANG_WARN__DUPLICATE_METHOD_MATCH = YES;
				CODE_SIGN_IDENTITY = "iPhone Developer";
				COPY_PHASE_STRIP = NO;
				DEBUG_INFORMATION_FORMAT = "dwarf-with-dsym";
				ENABLE_NS_ASSERTIONS = NO;
				ENABLE_STRICT_OBJC_MSGSEND = YES;
				GCC_C_LANGUAGE_STANDARD = gnu11;
				GCC_NO_COMMON_BLOCKS = YES;
				GCC_WARN_64_TO_32_BIT_CONVERSION = YES;
				GCC_WARN_ABOUT_RETURN_TYPE = YES_ERROR;
				GCC_WARN_UNDECLARED_SELECTOR = YES;
				GCC_WARN_UNINITIALIZED_AUTOS = YES_AGGRESSIVE;
				GCC_WARN_UNUSED_FUNCTION = YES;
				GCC_WARN_UNUSED_VARIABLE = YES;
				IPHONEOS_DEPLOYMENT_TARGET = 11.3;
				MTL_ENABLE_DEBUG_INFO = NO;
				SDKROOT = iphoneos;
				SWIFT_COMPILATION_MODE = wholemodule;
				SWIFT_OPTIMIZATION_LEVEL = "-O";
				VALIDATE_PRODUCT = YES;
			};
			name = Release;
		};
		499C672C2092C49200C36F75 /* Debug */ = {
			isa = XCBuildConfiguration;
			buildSettings = {
				ASSETCATALOG_COMPILER_APPICON_NAME = AppIcon;
				CODE_SIGN_STYLE = Automatic;
				DEVELOPMENT_TEAM = RJUJXP82S4;
				INFOPLIST_FILE = MultilevelMenuDemo/Info.plist;
				IPHONEOS_DEPLOYMENT_TARGET = 8.0;
				LD_RUNPATH_SEARCH_PATHS = (
					"$(inherited)",
					"@executable_path/Frameworks",
				);
				PRODUCT_BUNDLE_IDENTIFIER = com.ChokShen.MultilevelMenuDemo;
				PRODUCT_NAME = "$(TARGET_NAME)";
				SWIFT_VERSION = 3.0;
				TARGETED_DEVICE_FAMILY = "1,2";
			};
			name = Debug;
		};
		499C672D2092C49200C36F75 /* Release */ = {
			isa = XCBuildConfiguration;
			buildSettings = {
				ASSETCATALOG_COMPILER_APPICON_NAME = AppIcon;
				CODE_SIGN_STYLE = Automatic;
				DEVELOPMENT_TEAM = RJUJXP82S4;
				INFOPLIST_FILE = MultilevelMenuDemo/Info.plist;
				IPHONEOS_DEPLOYMENT_TARGET = 8.0;
				LD_RUNPATH_SEARCH_PATHS = (
					"$(inherited)",
					"@executable_path/Frameworks",
				);
				PRODUCT_BUNDLE_IDENTIFIER = com.ChokShen.MultilevelMenuDemo;
				PRODUCT_NAME = "$(TARGET_NAME)";
				SWIFT_VERSION = 3.0;
				TARGETED_DEVICE_FAMILY = "1,2";
			};
			name = Release;
		};
		499C672F2092C49200C36F75 /* Debug */ = {
			isa = XCBuildConfiguration;
			buildSettings = {
				ALWAYS_EMBED_SWIFT_STANDARD_LIBRARIES = YES;
				BUNDLE_LOADER = "$(TEST_HOST)";
				CODE_SIGN_STYLE = Automatic;
				INFOPLIST_FILE = MultilevelMenuDemoTests/Info.plist;
				LD_RUNPATH_SEARCH_PATHS = (
					"$(inherited)",
					"@executable_path/Frameworks",
					"@loader_path/Frameworks",
				);
				PRODUCT_BUNDLE_IDENTIFIER = com.ChokShen.MultilevelMenuDemoTests;
				PRODUCT_NAME = "$(TARGET_NAME)";
				SWIFT_VERSION = 4.0;
				TARGETED_DEVICE_FAMILY = "1,2";
				TEST_HOST = "$(BUILT_PRODUCTS_DIR)/MultilevelMenuDemo.app/MultilevelMenuDemo";
			};
			name = Debug;
		};
		499C67302092C49200C36F75 /* Release */ = {
			isa = XCBuildConfiguration;
			buildSettings = {
				ALWAYS_EMBED_SWIFT_STANDARD_LIBRARIES = YES;
				BUNDLE_LOADER = "$(TEST_HOST)";
				CODE_SIGN_STYLE = Automatic;
				INFOPLIST_FILE = MultilevelMenuDemoTests/Info.plist;
				LD_RUNPATH_SEARCH_PATHS = (
					"$(inherited)",
					"@executable_path/Frameworks",
					"@loader_path/Frameworks",
				);
				PRODUCT_BUNDLE_IDENTIFIER = com.ChokShen.MultilevelMenuDemoTests;
				PRODUCT_NAME = "$(TARGET_NAME)";
				SWIFT_VERSION = 4.0;
				TARGETED_DEVICE_FAMILY = "1,2";
				TEST_HOST = "$(BUILT_PRODUCTS_DIR)/MultilevelMenuDemo.app/MultilevelMenuDemo";
			};
			name = Release;
		};
		499C67322092C49200C36F75 /* Debug */ = {
			isa = XCBuildConfiguration;
			buildSettings = {
				ALWAYS_EMBED_SWIFT_STANDARD_LIBRARIES = YES;
				CODE_SIGN_STYLE = Automatic;
				INFOPLIST_FILE = MultilevelMenuDemoUITests/Info.plist;
				LD_RUNPATH_SEARCH_PATHS = (
					"$(inherited)",
					"@executable_path/Frameworks",
					"@loader_path/Frameworks",
				);
				PRODUCT_BUNDLE_IDENTIFIER = com.ChokShen.MultilevelMenuDemoUITests;
				PRODUCT_NAME = "$(TARGET_NAME)";
				SWIFT_VERSION = 4.0;
				TARGETED_DEVICE_FAMILY = "1,2";
				TEST_TARGET_NAME = MultilevelMenuDemo;
			};
			name = Debug;
		};
		499C67332092C49200C36F75 /* Release */ = {
			isa = XCBuildConfiguration;
			buildSettings = {
				ALWAYS_EMBED_SWIFT_STANDARD_LIBRARIES = YES;
				CODE_SIGN_STYLE = Automatic;
				INFOPLIST_FILE = MultilevelMenuDemoUITests/Info.plist;
				LD_RUNPATH_SEARCH_PATHS = (
					"$(inherited)",
					"@executable_path/Frameworks",
					"@loader_path/Frameworks",
				);
				PRODUCT_BUNDLE_IDENTIFIER = com.ChokShen.MultilevelMenuDemoUITests;
				PRODUCT_NAME = "$(TARGET_NAME)";
				SWIFT_VERSION = 4.0;
				TARGETED_DEVICE_FAMILY = "1,2";
				TEST_TARGET_NAME = MultilevelMenuDemo;
			};
			name = Release;
		};
/* End XCBuildConfiguration section */

/* Begin XCConfigurationList section */
		499C66FE2092C48B00C36F75 /* Build configuration list for PBXProject "MultilevelMenuDemo" */ = {
			isa = XCConfigurationList;
			buildConfigurations = (
				499C67292092C49200C36F75 /* Debug */,
				499C672A2092C49200C36F75 /* Release */,
			);
			defaultConfigurationIsVisible = 0;
			defaultConfigurationName = Release;
		};
		499C672B2092C49200C36F75 /* Build configuration list for PBXNativeTarget "MultilevelMenuDemo" */ = {
			isa = XCConfigurationList;
			buildConfigurations = (
				499C672C2092C49200C36F75 /* Debug */,
				499C672D2092C49200C36F75 /* Release */,
			);
			defaultConfigurationIsVisible = 0;
			defaultConfigurationName = Release;
		};
		499C672E2092C49200C36F75 /* Build configuration list for PBXNativeTarget "MultilevelMenuDemoTests" */ = {
			isa = XCConfigurationList;
			buildConfigurations = (
				499C672F2092C49200C36F75 /* Debug */,
				499C67302092C49200C36F75 /* Release */,
			);
			defaultConfigurationIsVisible = 0;
			defaultConfigurationName = Release;
		};
		499C67312092C49200C36F75 /* Build configuration list for PBXNativeTarget "MultilevelMenuDemoUITests" */ = {
			isa = XCConfigurationList;
			buildConfigurations = (
				499C67322092C49200C36F75 /* Debug */,
				499C67332092C49200C36F75 /* Release */,
			);
			defaultConfigurationIsVisible = 0;
			defaultConfigurationName = Release;
		};
/* End XCConfigurationList section */
	};
	rootObject = 499C66FB2092C48B00C36F75 /* Project object */;
}
